
Microsoft Visual Studio Solution File, Format Version 12.00
# Visual Studio Version 17
VisualStudioVersion = 17.8.34330.188
MinimumVisualStudioVersion = 10.0.40219.1
Project("{FAE04EC0-301F-11D3-BF4B-00C04F79EFBC}") = "Homework 2", "Homework 2\Homework 2.csproj", "{3091DF8F-ECD5-416F-9F20-462DF7F1ACD3}"
EndProject
Global
	GlobalSection(SolutionConfigurationPlatforms) = preSolution
		Debug|Any CPU = Debug|Any CPU
		Release|Any CPU = Release|Any CPU
	EndGlobalSection
	GlobalSection(ProjectConfigurationPlatforms) = postSolution
		{3091DF8F-ECD5-416F-9F20-462DF7F1ACD3}.Debug|Any CPU.ActiveCfg = Debug|Any CPU
		{3091DF8F-ECD5-416F-9F20-462DF7F1ACD3}.Debug|Any CPU.Build.0 = Debug|Any CPU
		{3091DF8F-ECD5-416F-9F20-462DF7F1ACD3}.Release|Any CPU.ActiveCfg = Release|Any CPU
		{3091DF8F-ECD5-416F-9F20-462DF7F1ACD3}.Release|Any CPU.Build.0 = Release|Any CPU
	EndGlobalSection
	GlobalSection(SolutionProperties) = preSolution
		HideSolutionNode = FALSE
	EndGlobalSection
	GlobalSection(ExtensibilityGlobals) = postSolution
		SolutionGuid = {92067F45-C6C1-4A5C-9053-C7B1D1452A31}
	EndGlobalSection
EndGlobal
